
Microsoft Visual Studio Solution File, Format Version 12.00
# Visual Studio Version 17
VisualStudioVersion = 17.0.31903.59
MinimumVisualStudioVersion = 10.0.40219.1
Project("{9A19103F-16F7-4668-BE54-9A1E7A4F7556}") = "IdentityProject", "IdentityProject\IdentityProject.csproj", "{7613D0FD-4DC1-47B6-ABCA-CE04EC6F7AD7}"
EndProject
Project("{9A19103F-16F7-4668-BE54-9A1E7A4F7556}") = "Repository", "Repository\Repository.csproj", "{9D3EB7E4-9D04-4735-A0A2-3976EA5BED5E}"
EndProject
Project("{9A19103F-16F7-4668-BE54-9A1E7A4F7556}") = "Data", "Data\Data.csproj", "{3D08F257-7F4B-43DA-BD59-6894A46CA5DD}"
EndProject
Project("{2150E333-8FDC-42A3-9474-1A3956D46DE8}") = "2- Data", "2- Data", "{8194E1D1-A5E1-4F84-8611-B2815D2EC2EC}"
EndProject
Project("{2150E333-8FDC-42A3-9474-1A3956D46DE8}") = "1 - Infrastructure", "1 - Infrastructure", "{356BF73C-8635-4041-B364-97483283CDA0}"
EndProject
Project("{2150E333-8FDC-42A3-9474-1A3956D46DE8}") = "3 - ApiSource", "3 - ApiSource", "{E6254F6D-6330-43BA-8A3E-DCC29A4E742A}"
EndProject
Project("{2150E333-8FDC-42A3-9474-1A3956D46DE8}") = "4 - Service", "4 - Service", "{77523915-342F-4F9E-999F-8B5622483BA5}"
EndProject
Project("{2150E333-8FDC-42A3-9474-1A3956D46DE8}") = "5 - Test", "5 - Test", "{0E6B57D3-D707-4067-B6FF-16547773667B}"
EndProject
Project("{9A19103F-16F7-4668-BE54-9A1E7A4F7556}") = "Models", "Models\Models.csproj", "{D1FF705E-1DAE-44D3-B54D-8AE8821C06F4}"
EndProject
Project("{9A19103F-16F7-4668-BE54-9A1E7A4F7556}") = "Dtos", "Dtos\Dtos.csproj", "{DB865A4B-47BD-4098-BC3D-729DEC3C3ABD}"
EndProject
Project("{9A19103F-16F7-4668-BE54-9A1E7A4F7556}") = "Services", "Services\Services.csproj", "{1F7F0D59-5FB4-4865-82CF-333BC524B056}"
EndProject
Project("{9A19103F-16F7-4668-BE54-9A1E7A4F7556}") = "Infrastructure", "Infrastructure\Infrastructure.csproj", "{31404F36-692F-4CB3-9B0C-D3A25DBE164F}"
EndProject
Project("{2150E333-8FDC-42A3-9474-1A3956D46DE8}") = "6 - Web", "6 - Web", "{70365ED3-35D9-48FE-9E23-4BF13EB54446}"
EndProject
Project("{9A19103F-16F7-4668-BE54-9A1E7A4F7556}") = "Client", "Client\Client.csproj", "{3BBFA3B5-3980-4B8B-8B6D-1B6D88792CBD}"
EndProject
Project("{9A19103F-16F7-4668-BE54-9A1E7A4F7556}") = "Queries", "Queries\Queries.csproj", "{6593983B-2020-4A38-81F9-301774BD1D08}"
EndProject
Global
	GlobalSection(SolutionConfigurationPlatforms) = preSolution
		Debug|Any CPU = Debug|Any CPU
		Release|Any CPU = Release|Any CPU
	EndGlobalSection
	GlobalSection(ProjectConfigurationPlatforms) = postSolution
		{7613D0FD-4DC1-47B6-ABCA-CE04EC6F7AD7}.Debug|Any CPU.ActiveCfg = Debug|Any CPU
		{7613D0FD-4DC1-47B6-ABCA-CE04EC6F7AD7}.Debug|Any CPU.Build.0 = Debug|Any CPU
		{7613D0FD-4DC1-47B6-ABCA-CE04EC6F7AD7}.Release|Any CPU.ActiveCfg = Release|Any CPU
		{7613D0FD-4DC1-47B6-ABCA-CE04EC6F7AD7}.Release|Any CPU.Build.0 = Release|Any CPU
		{9D3EB7E4-9D04-4735-A0A2-3976EA5BED5E}.Debug|Any CPU.ActiveCfg = Debug|Any CPU
		{9D3EB7E4-9D04-4735-A0A2-3976EA5BED5E}.Debug|Any CPU.Build.0 = Debug|Any CPU
		{9D3EB7E4-9D04-4735-A0A2-3976EA5BED5E}.Release|Any CPU.ActiveCfg = Release|Any CPU
		{9D3EB7E4-9D04-4735-A0A2-3976EA5BED5E}.Release|Any CPU.Build.0 = Release|Any CPU
		{3D08F257-7F4B-43DA-BD59-6894A46CA5DD}.Debug|Any CPU.ActiveCfg = Debug|Any CPU
		{3D08F257-7F4B-43DA-BD59-6894A46CA5DD}.Debug|Any CPU.Build.0 = Debug|Any CPU
		{3D08F257-7F4B-43DA-BD59-6894A46CA5DD}.Release|Any CPU.ActiveCfg = Release|Any CPU
		{3D08F257-7F4B-43DA-BD59-6894A46CA5DD}.Release|Any CPU.Build.0 = Release|Any CPU
		{D1FF705E-1DAE-44D3-B54D-8AE8821C06F4}.Debug|Any CPU.ActiveCfg = Debug|Any CPU
		{D1FF705E-1DAE-44D3-B54D-8AE8821C06F4}.Debug|Any CPU.Build.0 = Debug|Any CPU
		{D1FF705E-1DAE-44D3-B54D-8AE8821C06F4}.Release|Any CPU.ActiveCfg = Release|Any CPU
		{D1FF705E-1DAE-44D3-B54D-8AE8821C06F4}.Release|Any CPU.Build.0 = Release|Any CPU
		{DB865A4B-47BD-4098-BC3D-729DEC3C3ABD}.Debug|Any CPU.ActiveCfg = Debug|Any CPU
		{DB865A4B-47BD-4098-BC3D-729DEC3C3ABD}.Debug|Any CPU.Build.0 = Debug|Any CPU
		{DB865A4B-47BD-4098-BC3D-729DEC3C3ABD}.Release|Any CPU.ActiveCfg = Release|Any CPU
		{DB865A4B-47BD-4098-BC3D-729DEC3C3ABD}.Release|Any CPU.Build.0 = Release|Any CPU
		{1F7F0D59-5FB4-4865-82CF-333BC524B056}.Debug|Any CPU.ActiveCfg = Debug|Any CPU
		{1F7F0D59-5FB4-4865-82CF-333BC524B056}.Debug|Any CPU.Build.0 = Debug|Any CPU
		{1F7F0D59-5FB4-4865-82CF-333BC524B056}.Release|Any CPU.ActiveCfg = Release|Any CPU
		{1F7F0D59-5FB4-4865-82CF-333BC524B056}.Release|Any CPU.Build.0 = Release|Any CPU
		{31404F36-692F-4CB3-9B0C-D3A25DBE164F}.Debug|Any CPU.ActiveCfg = Debug|Any CPU
		{31404F36-692F-4CB3-9B0C-D3A25DBE164F}.Debug|Any CPU.Build.0 = Debug|Any CPU
		{31404F36-692F-4CB3-9B0C-D3A25DBE164F}.Release|Any CPU.ActiveCfg = Release|Any CPU
		{31404F36-692F-4CB3-9B0C-D3A25DBE164F}.Release|Any CPU.Build.0 = Release|Any CPU
		{3BBFA3B5-3980-4B8B-8B6D-1B6D88792CBD}.Debug|Any CPU.ActiveCfg = Debug|Any CPU
		{3BBFA3B5-3980-4B8B-8B6D-1B6D88792CBD}.Debug|Any CPU.Build.0 = Debug|Any CPU
		{3BBFA3B5-3980-4B8B-8B6D-1B6D88792CBD}.Release|Any CPU.ActiveCfg = Release|Any CPU
		{3BBFA3B5-3980-4B8B-8B6D-1B6D88792CBD}.Release|Any CPU.Build.0 = Release|Any CPU
		{6593983B-2020-4A38-81F9-301774BD1D08}.Debug|Any CPU.ActiveCfg = Debug|Any CPU
		{6593983B-2020-4A38-81F9-301774BD1D08}.Debug|Any CPU.Build.0 = Debug|Any CPU
		{6593983B-2020-4A38-81F9-301774BD1D08}.Release|Any CPU.ActiveCfg = Release|Any CPU
		{6593983B-2020-4A38-81F9-301774BD1D08}.Release|Any CPU.Build.0 = Release|Any CPU
	EndGlobalSection
	GlobalSection(SolutionProperties) = preSolution
		HideSolutionNode = FALSE
	EndGlobalSection
	GlobalSection(NestedProjects) = preSolution
		{7613D0FD-4DC1-47B6-ABCA-CE04EC6F7AD7} = {E6254F6D-6330-43BA-8A3E-DCC29A4E742A}
		{9D3EB7E4-9D04-4735-A0A2-3976EA5BED5E} = {8194E1D1-A5E1-4F84-8611-B2815D2EC2EC}
		{3D08F257-7F4B-43DA-BD59-6894A46CA5DD} = {8194E1D1-A5E1-4F84-8611-B2815D2EC2EC}
		{D1FF705E-1DAE-44D3-B54D-8AE8821C06F4} = {8194E1D1-A5E1-4F84-8611-B2815D2EC2EC}
		{DB865A4B-47BD-4098-BC3D-729DEC3C3ABD} = {8194E1D1-A5E1-4F84-8611-B2815D2EC2EC}
		{1F7F0D59-5FB4-4865-82CF-333BC524B056} = {77523915-342F-4F9E-999F-8B5622483BA5}
		{31404F36-692F-4CB3-9B0C-D3A25DBE164F} = {356BF73C-8635-4041-B364-97483283CDA0}
		{3BBFA3B5-3980-4B8B-8B6D-1B6D88792CBD} = {70365ED3-35D9-48FE-9E23-4BF13EB54446}
		{6593983B-2020-4A38-81F9-301774BD1D08} = {8194E1D1-A5E1-4F84-8611-B2815D2EC2EC}
	EndGlobalSection
	GlobalSection(ExtensibilityGlobals) = postSolution
		SolutionGuid = {7CE20A79-6905-4CAC-9FF4-965D9F08F115}
	EndGlobalSection
EndGlobal
